<?xml version="1.0" encoding="utf-8"?>
<Project ToolsVersion="4.0" xmlns="http://schemas.microsoft.com/developer/msbuild/2003">
  <ItemGroup>
    <ClInclude Include="my_lib_def.h" />
    <ClInclude Include="public\window\gui_window.h">
      <Filter>public\window</Filter>
    </ClInclude>
    <ClInclude Include="public\window\console_window.h">
      <Filter>public\window</Filter>
    </ClInclude>
    <ClInclude Include="noncopyable.h" />
    <ClInclude Include="public\graphics\graphics_engine.h">
      <Filter>public\graphics</Filter>
    </ClInclude>
    <ClInclude Include="public\system\file_stream\file_stream.h">
      <Filter>public\system\file_stream</Filter>
    </ClInclude>
    <ClInclude Include="public\shader\shader.h">
      <Filter>public\shader</Filter>
    </ClInclude>
    <ClInclude Include="public\graphics\model\model_render.h">
      <Filter>public\graphics\model</Filter>
    </ClInclude>
    <ClInclude Include="public\graphics\model\model.h">
      <Filter>public\graphics\model</Filter>
    </ClInclude>
    <ClInclude Include="public\graphics\model\model_def.h">
      <Filter>public\graphics\model</Filter>
    </ClInclude>
    <ClInclude Include="public\graphics\model\model_utility.h">
      <Filter>public\graphics\model</Filter>
    </ClInclude>
    <ClInclude Include="public\graphics\graphics_command_wrapper.h">
      <Filter>public\graphics</Filter>
    </ClInclude>
    <ClInclude Include="public\graphics\descriptor_heap_wrapper.h">
      <Filter>public\graphics</Filter>
    </ClInclude>
    <ClInclude Include="public\graphics\pipeline_state_wrapper.h">
      <Filter>public\graphics</Filter>
    </ClInclude>
    <ClInclude Include="public\graphics\vertex_buffer.h">
      <Filter>public\graphics</Filter>
    </ClInclude>
    <ClInclude Include="public\graphics\shader_resource_interface.h">
      <Filter>public\graphics</Filter>
    </ClInclude>
  </ItemGroup>
  <ItemGroup>
    <Filter Include="public">
      <UniqueIdentifier>{def19ed5-627f-46bb-86f1-a1d3a09e6c19}</UniqueIdentifier>
    </Filter>
    <Filter Include="private">
      <UniqueIdentifier>{314e89f1-ae97-47cf-a1f5-07a55aaa1bef}</UniqueIdentifier>
    </Filter>
    <Filter Include="private\graphics">
      <UniqueIdentifier>{8440aa5e-1aa2-49a0-849c-5da861c8e69d}</UniqueIdentifier>
    </Filter>
    <Filter Include="public\graphics">
      <UniqueIdentifier>{58ff3590-3889-47d9-9f8f-8f8bd60620e7}</UniqueIdentifier>
    </Filter>
    <Filter Include="public\window">
      <UniqueIdentifier>{be5adad7-a578-4310-b3cf-e03cecb528de}</UniqueIdentifier>
    </Filter>
    <Filter Include="private\window">
      <UniqueIdentifier>{45bef279-2d70-4603-bef2-26fb61f61147}</UniqueIdentifier>
    </Filter>
    <Filter Include="private\system">
      <UniqueIdentifier>{5c48c7eb-0d51-4315-bd91-b337274f9d72}</UniqueIdentifier>
    </Filter>
    <Filter Include="private\system\file_stream">
      <UniqueIdentifier>{3faee4a0-c273-4b23-8c6f-d20eaaf30be7}</UniqueIdentifier>
    </Filter>
    <Filter Include="public\system">
      <UniqueIdentifier>{7671aa0b-9a39-4cd3-914e-8948ea673498}</UniqueIdentifier>
    </Filter>
    <Filter Include="public\system\file_stream">
      <UniqueIdentifier>{8f59e1ff-f5ff-4c89-8794-a7a0e16906df}</UniqueIdentifier>
    </Filter>
    <Filter Include="private\shader">
      <UniqueIdentifier>{14e261b3-53a4-4273-a01f-41ebc6f75b6f}</UniqueIdentifier>
    </Filter>
    <Filter Include="public\shader">
      <UniqueIdentifier>{f25a1d06-09da-4145-80d7-207a553bd690}</UniqueIdentifier>
    </Filter>
    <Filter Include="private\graphics\model">
      <UniqueIdentifier>{a6b6c27c-2a23-4ea5-99fd-ae6e76c2578d}</UniqueIdentifier>
    </Filter>
    <Filter Include="public\graphics\model">
      <UniqueIdentifier>{04d5a10a-c31f-4dc2-9cac-b23acc7ab357}</UniqueIdentifier>
    </Filter>
  </ItemGroup>
  <ItemGroup>
    <ClCompile Include="private\window\gui_window.cpp">
      <Filter>private\window</Filter>
    </ClCompile>
    <ClCompile Include="private\window\console_window.cpp">
      <Filter>private\window</Filter>
    </ClCompile>
    <ClCompile Include="private\graphics\graphics_engine.cpp">
      <Filter>private\graphics</Filter>
    </ClCompile>
    <ClCompile Include="private\system\file_stream\file_stream.cpp">
      <Filter>private\system\file_stream</Filter>
    </ClCompile>
    <ClCompile Include="private\shader\shader.cpp">
      <Filter>private\shader</Filter>
    </ClCompile>
    <ClCompile Include="private\graphics\model\model.cpp">
      <Filter>private\graphics\model</Filter>
    </ClCompile>
    <ClCompile Include="private\graphics\model\model_render.cpp">
      <Filter>private\graphics\model</Filter>
    </ClCompile>
    <ClCompile Include="private\graphics\graphics_command_wrapper.cpp">
      <Filter>private\graphics</Filter>
    </ClCompile>
    <ClCompile Include="private\graphics\descriptor_heap_wrapper.cpp">
      <Filter>private\graphics</Filter>
    </ClCompile>
    <ClCompile Include="private\graphics\pipeline_state_wrapper.cpp">
      <Filter>private\graphics</Filter>
    </ClCompile>
    <ClCompile Include="private\graphics\vertex_buffer.cpp">
      <Filter>private\graphics</Filter>
    </ClCompile>
    <ClCompile Include="private\graphics\shader_resource_interface.cpp">
      <Filter>private\graphics</Filter>
    </ClCompile>
  </ItemGroup>
</Project>